%{
  "cargo": {:git, "https://github.com/rusterlium/erlang-cargo.git", "f2a2ac09c7e34bdcbac9bd0c2ccb73d8b74e2490", []},
  "earmark_parser": {:hex, :earmark_parser, "1.4.13", "0c98163e7d04a15feb62000e1a891489feb29f3d10cb57d4f845c405852bbef8", [:mix], [], "hexpm", "d602c26af3a0af43d2f2645613f65841657ad6efc9f0e361c3b6c06b578214ba"},
  "ex_doc": {:hex, :ex_doc, "0.24.2", "e4c26603830c1a2286dae45f4412a4d1980e1e89dc779fcd0181ed1d5a05c8d9", [:mix], [{:earmark_parser, "~> 1.4.0", [hex: :earmark_parser, repo: "hexpm", optional: false]}, {:makeup_elixir, "~> 0.14", [hex: :makeup_elixir, repo: "hexpm", optional: false]}, {:makeup_erlang, "~> 0.1", [hex: :makeup_erlang, repo: "hexpm", optional: false]}], "hexpm", "e134e1d9e821b8d9e4244687fb2ace58d479b67b282de5158333b0d57c6fb7da"},
  "jsx": {:hex, :jsx, "2.11.0", "08154624050333919b4ac1b789667d5f4db166dc50e190c4d778d1587f102ee0", [:rebar3], [], "hexpm", "eed26a0d04d217f9eecefffb89714452556cf90eb38f290a27a4d45b9988f8c0"},
  "makeup": {:hex, :makeup, "1.0.5", "d5a830bc42c9800ce07dd97fa94669dfb93d3bf5fcf6ea7a0c67b2e0e4a7f26c", [:mix], [{:nimble_parsec, "~> 0.5 or ~> 1.0", [hex: :nimble_parsec, repo: "hexpm", optional: false]}], "hexpm", "cfa158c02d3f5c0c665d0af11512fed3fba0144cf1aadee0f2ce17747fba2ca9"},
  "makeup_elixir": {:hex, :makeup_elixir, "0.15.1", "b5888c880d17d1cc3e598f05cdb5b5a91b7b17ac4eaf5f297cb697663a1094dd", [:mix], [{:makeup, "~> 1.0", [hex: :makeup, repo: "hexpm", optional: false]}, {:nimble_parsec, "~> 1.1", [hex: :nimble_parsec, repo: "hexpm", optional: false]}], "hexpm", "db68c173234b07ab2a07f645a5acdc117b9f99d69ebf521821d89690ae6c6ec8"},
  "makeup_erlang": {:hex, :makeup_erlang, "0.1.1", "3fcb7f09eb9d98dc4d208f49cc955a34218fc41ff6b84df7c75b3e6e533cc65f", [:mix], [{:makeup, "~> 1.0", [hex: :makeup, repo: "hexpm", optional: false]}], "hexpm", "174d0809e98a4ef0b3309256cbf97101c6ec01c4ab0b23e926a9e17df2077cbb"},
  "nimble_parsec": {:hex, :nimble_parsec, "1.1.0", "3a6fca1550363552e54c216debb6a9e95bd8d32348938e13de5eda962c0d7f89", [:mix], [], "hexpm", "08eb32d66b706e913ff748f11694b17981c0b04a33ef470e33e11b3d3ac8f54b"},
  "toml": {:hex, :toml, "0.6.2", "38f445df384a17e5d382befe30e3489112a48d3ba4c459e543f748c2f25dd4d1", [:mix], [], "hexpm", "d013e45126d74c0c26a38d31f5e8e9b83ea19fc752470feb9a86071ca5a672fa"},
}
